{
  "name": "hex-word-colors",
  "version": "1.0.0",
  "lockfileVersion": 1,
  "requires": true,
  "dependencies": {
    "an-array-of-english-words": {
      "version": "2.0.0",
      "resolved": "https://registry.npmjs.org/an-array-of-english-words/-/an-array-of-english-words-2.0.0.tgz",
      "integrity": "sha512-FXnNvZSOI27kkKXeLSquhaTGP7z198UOQ4txaYO9fCfrjCh+D5SV7G7XqzEH0229+pAi4cjBEZ4WIQYgjKtO7Q=="
    },
    "hex-to-color-name": {
      "version": "1.0.1",
      "resolved": "https://registry.npmjs.org/hex-to-color-name/-/hex-to-color-name-1.0.1.tgz",
      "integrity": "sha1-b3ymkp5+LAqdmYEPt5uRkaOZvUg="
    },
    "readline": {
      "version": "1.3.0",
      "resolved": "https://registry.npmjs.org/readline/-/readline-1.3.0.tgz",
      "integrity": "sha1-xYDXfvLPyHUrEySYBg3JeTp6wBw="
    }
  }
}
